{
  "nodes": {
    "flake-compat": {
      "flake": false,
      "locked": {
        "lastModified": 1696426674,
        "narHash": "sha256-kvjfFW7WAETZlt09AgDn1MrtKzP7t90Vf7vypd3OL1U=",
        "owner": "edolstra",
        "repo": "flake-compat",
        "rev": "0f9255e01c2351cc7d116c072cb317785dd33b33",
        "type": "github"
      },
      "original": {
        "owner": "edolstra",
        "repo": "flake-compat",
        "type": "github"
      }
    },
    "libnbtplusplus": {
      "flake": false,
      "locked": {
        "lastModified": 1650031308,
        "narHash": "sha256-TvVOjkUobYJD9itQYueELJX3wmecvEdCbJ0FinW2mL4=",
        "owner": "PolyMC",
        "repo": "libnbtplusplus",
        "rev": "2203af7eeb48c45398139b583615134efd8d407f",
        "type": "github"
      },
      "original": {
        "owner": "PolyMC",
        "repo": "libnbtplusplus",
        "type": "github"
      }
    },
    "nixpkgs": {
      "locked": {
        "lastModified": 1712129508,
        "narHash": "sha256-FBVpEX0eLiqX3jnSL3rmJHqHhbuCikJZyDyV3Cl3qAY=",
        "owner": "nixos",
        "repo": "nixpkgs",
        "rev": "d03a4482228d4d6dbd2d4b425b6dfcd49ebe765f",
        "type": "github"
      },
      "original": {
        "owner": "nixos",
        "ref": "nixpkgs-unstable",
        "repo": "nixpkgs",
        "type": "github"
      }
    },
    "root": {
      "inputs": {
        "flake-compat": "flake-compat",
        "libnbtplusplus": "libnbtplusplus",
        "nixpkgs": "nixpkgs",
        "tomlplusplus": "tomlplusplus"
      }
    },
    "tomlplusplus": {
      "flake": false,
      "locked": {
        "lastModified": 1710824845,
        "narHash": "sha256-A9XuCfVcLle/tMNaH7aqb1leM+t3wwC9ER5RIbMMovo=",
        "owner": "marzer",
        "repo": "tomlplusplus",
        "rev": "1f7884e59165e517462f922e7b6de131bd9844f3",
        "type": "github"
      },
      "original": {
        "owner": "marzer",
        "repo": "tomlplusplus",
        "type": "github"
      }
    }
  },
  "root": "root",
  "version": 7
}
